// !$*UTF8*$!
{
	archiveVersion = 1;
	classes = {
	};
	objectVersion = 50;
	objects = {

/* Begin PBXBuildFile section */
		E438D93E273451C700D86ADD /* CodeView.swift in Sources */ = {isa = PBXBuildFile; fileRef = E438D93D273451C700D86ADD /* CodeView.swift */; };
		E438D943273456AF00D86ADD /* BackgroundGradient.swift in Sources */ = {isa = PBXBuildFile; fileRef = E438D942273456AF00D86ADD /* BackgroundGradient.swift */; };
		E43EEE7D27358DD000D8264C /* OptionSet.swift in Sources */ = {isa = PBXBuildFile; fileRef = E43EEE7C27358DD000D8264C /* OptionSet.swift */; };
		E43EEE822735911A00D8264C /* WelcomeScreen.swift in Sources */ = {isa = PBXBuildFile; fileRef = E43EEE812735911A00D8264C /* WelcomeScreen.swift */; };
		E43EEE8A27359C0600D8264C /* ListScreen.swift in Sources */ = {isa = PBXBuildFile; fileRef = E43EEE8927359C0600D8264C /* ListScreen.swift */; };
		E44FE87E27353DBC0043A0C8 /* CustomButton.swift in Sources */ = {isa = PBXBuildFile; fileRef = E44FE87D27353DBC0043A0C8 /* CustomButton.swift */; };
		E44FE88327354A3A0043A0C8 /* ListController.swift in Sources */ = {isa = PBXBuildFile; fileRef = E44FE88227354A3A0043A0C8 /* ListController.swift */; };
		E44FE88827354CA90043A0C8 /* CustomHeader.swift in Sources */ = {isa = PBXBuildFile; fileRef = E44FE88727354CA90043A0C8 /* CustomHeader.swift */; };
		E47FEB3F2734746C00682642 /* CustomLabel.swift in Sources */ = {isa = PBXBuildFile; fileRef = E47FEB3E2734746C00682642 /* CustomLabel.swift */; };
		E47FEB4527347A1400682642 /* Raleway-Regular.ttf in Resources */ = {isa = PBXBuildFile; fileRef = E47FEB4427347A1400682642 /* Raleway-Regular.ttf */; };
		E4C862CF273449A000DD247C /* AppDelegate.swift in Sources */ = {isa = PBXBuildFile; fileRef = E4C862CE273449A000DD247C /* AppDelegate.swift */; };
		E4C862D1273449A000DD247C /* SceneDelegate.swift in Sources */ = {isa = PBXBuildFile; fileRef = E4C862D0273449A000DD247C /* SceneDelegate.swift */; };
		E4C862D3273449A000DD247C /* WelcomeController.swift in Sources */ = {isa = PBXBuildFile; fileRef = E4C862D2273449A000DD247C /* WelcomeController.swift */; };
		E4C862D9273449A000DD247C /* GetItDone.xcdatamodeld in Sources */ = {isa = PBXBuildFile; fileRef = E4C862D7273449A000DD247C /* GetItDone.xcdatamodeld */; };
		E4C862DB273449A100DD247C /* Assets.xcassets in Resources */ = {isa = PBXBuildFile; fileRef = E4C862DA273449A100DD247C /* Assets.xcassets */; };
		E4C862DE273449A100DD247C /* LaunchScreen.storyboard in Resources */ = {isa = PBXBuildFile; fileRef = E4C862DC273449A100DD247C /* LaunchScreen.storyboard */; };
		E4C862E9273449A200DD247C /* GetItDoneTests.swift in Sources */ = {isa = PBXBuildFile; fileRef = E4C862E8273449A200DD247C /* GetItDoneTests.swift */; };
		E4C862F4273449A200DD247C /* GetItDoneUITests.swift in Sources */ = {isa = PBXBuildFile; fileRef = E4C862F3273449A200DD247C /* GetItDoneUITests.swift */; };
		E4E9C9AD27345C0800D48C62 /* UiColorExtention.swift in Sources */ = {isa = PBXBuildFile; fileRef = E4E9C9AC27345C0800D48C62 /* UiColorExtention.swift */; };
/* End PBXBuildFile section */

/* Begin PBXContainerItemProxy section */
		E4C862E5273449A200DD247C /* PBXContainerItemProxy */ = {
			isa = PBXContainerItemProxy;
			containerPortal = E4C862C3273449A000DD247C /* Project object */;
			proxyType = 1;
			remoteGlobalIDString = E4C862CA273449A000DD247C;
			remoteInfo = GetItDone;
		};
		E4C862F0273449A200DD247C /* PBXContainerItemProxy */ = {
			isa = PBXContainerItemProxy;
			containerPortal = E4C862C3273449A000DD247C /* Project object */;
			proxyType = 1;
			remoteGlobalIDString = E4C862CA273449A000DD247C;
			remoteInfo = GetItDone;
		};
/* End PBXContainerItemProxy section */

/* Begin PBXFileReference section */
		E438D93D273451C700D86ADD /* CodeView.swift */ = {isa = PBXFileReference; lastKnownFileType = sourcecode.swift; path = CodeView.swift; sourceTree = "<group>"; };
		E438D942273456AF00D86ADD /* BackgroundGradient.swift */ = {isa = PBXFileReference; lastKnownFileType = sourcecode.swift; path = BackgroundGradient.swift; sourceTree = "<group>"; };
		E43EEE7C27358DD000D8264C /* OptionSet.swift */ = {isa = PBXFileReference; lastKnownFileType = sourcecode.swift; path = OptionSet.swift; sourceTree = "<group>"; };
		E43EEE812735911A00D8264C /* WelcomeScreen.swift */ = {isa = PBXFileReference; lastKnownFileType = sourcecode.swift; path = WelcomeScreen.swift; sourceTree = "<group>"; };
		E43EEE8927359C0600D8264C /* ListScreen.swift */ = {isa = PBXFileReference; lastKnownFileType = sourcecode.swift; path = ListScreen.swift; sourceTree = "<group>"; };
		E44FE87D27353DBC0043A0C8 /* CustomButton.swift */ = {isa = PBXFileReference; lastKnownFileType = sourcecode.swift; path = CustomButton.swift; sourceTree = "<group>"; };
		E44FE88227354A3A0043A0C8 /* ListController.swift */ = {isa = PBXFileReference; lastKnownFileType = sourcecode.swift; name = ListController.swift; path = GetItDone/ListController.swift; sourceTree = SOURCE_ROOT; };
		E44FE88727354CA90043A0C8 /* CustomHeader.swift */ = {isa = PBXFileReference; lastKnownFileType = sourcecode.swift; path = CustomHeader.swift; sourceTree = "<group>"; };
		E47FEB3E2734746C00682642 /* CustomLabel.swift */ = {isa = PBXFileReference; lastKnownFileType = sourcecode.swift; path = CustomLabel.swift; sourceTree = "<group>"; };
		E47FEB4427347A1400682642 /* Raleway-Regular.ttf */ = {isa = PBXFileReference; lastKnownFileType = file; path = "Raleway-Regular.ttf"; sourceTree = "<group>"; };
		E4C862CB273449A000DD247C /* GetItDone.app */ = {isa = PBXFileReference; explicitFileType = wrapper.application; includeInIndex = 0; path = GetItDone.app; sourceTree = BUILT_PRODUCTS_DIR; };
		E4C862CE273449A000DD247C /* AppDelegate.swift */ = {isa = PBXFileReference; lastKnownFileType = sourcecode.swift; path = AppDelegate.swift; sourceTree = "<group>"; };
		E4C862D0273449A000DD247C /* SceneDelegate.swift */ = {isa = PBXFileReference; lastKnownFileType = sourcecode.swift; path = SceneDelegate.swift; sourceTree = "<group>"; };
		E4C862D2273449A000DD247C /* WelcomeController.swift */ = {isa = PBXFileReference; lastKnownFileType = sourcecode.swift; path = WelcomeController.swift; sourceTree = "<group>"; };
		E4C862D8273449A000DD247C /* GetItDone.xcdatamodel */ = {isa = PBXFileReference; lastKnownFileType = wrapper.xcdatamodel; path = GetItDone.xcdatamodel; sourceTree = "<group>"; };
		E4C862DA273449A100DD247C /* Assets.xcassets */ = {isa = PBXFileReference; lastKnownFileType = folder.assetcatalog; path = Assets.xcassets; sourceTree = "<group>"; };
		E4C862DD273449A100DD247C /* Base */ = {isa = PBXFileReference; lastKnownFileType = file.storyboard; name = Base; path = Base.lproj/LaunchScreen.storyboard; sourceTree = "<group>"; };
		E4C862DF273449A100DD247C /* Info.plist */ = {isa = PBXFileReference; lastKnownFileType = text.plist.xml; path = Info.plist; sourceTree = "<group>"; };
		E4C862E4273449A200DD247C /* GetItDoneTests.xctest */ = {isa = PBXFileReference; explicitFileType = wrapper.cfbundle; includeInIndex = 0; path = GetItDoneTests.xctest; sourceTree = BUILT_PRODUCTS_DIR; };
		E4C862E8273449A200DD247C /* GetItDoneTests.swift */ = {isa = PBXFileReference; lastKnownFileType = sourcecode.swift; path = GetItDoneTests.swift; sourceTree = "<group>"; };
		E4C862EA273449A200DD247C /* Info.plist */ = {isa = PBXFileReference; lastKnownFileType = text.plist.xml; path = Info.plist; sourceTree = "<group>"; };
		E4C862EF273449A200DD247C /* GetItDoneUITests.xctest */ = {isa = PBXFileReference; explicitFileType = wrapper.cfbundle; includeInIndex = 0; path = GetItDoneUITests.xctest; sourceTree = BUILT_PRODUCTS_DIR; };
		E4C862F3273449A200DD247C /* GetItDoneUITests.swift */ = {isa = PBXFileReference; lastKnownFileType = sourcecode.swift; path = GetItDoneUITests.swift; sourceTree = "<group>"; };
		E4C862F5273449A200DD247C /* Info.plist */ = {isa = PBXFileReference; lastKnownFileType = text.plist.xml; path = Info.plist; sourceTree = "<group>"; };
		E4E9C9AC27345C0800D48C62 /* UiColorExtention.swift */ = {isa = PBXFileReference; lastKnownFileType = sourcecode.swift; path = UiColorExtention.swift; sourceTree = "<group>"; };
/* End PBXFileReference section */

/* Begin PBXFrameworksBuildPhase section */
		E4C862C8273449A000DD247C /* Frameworks */ = {
			isa = PBXFrameworksBuildPhase;
			buildActionMask = 2147483647;
			files = (
			);
			runOnlyForDeploymentPostprocessing = 0;
		};
		E4C862E1273449A200DD247C /* Frameworks */ = {
			isa = PBXFrameworksBuildPhase;
			buildActionMask = 2147483647;
			files = (
			);
			runOnlyForDeploymentPostprocessing = 0;
		};
		E4C862EC273449A200DD247C /* Frameworks */ = {
			isa = PBXFrameworksBuildPhase;
			buildActionMask = 2147483647;
			files = (
			);
			runOnlyForDeploymentPostprocessing = 0;
		};
/* End PBXFrameworksBuildPhase section */

/* Begin PBXGroup section */
		E47FEB3D2734743100682642 /* Components */ = {
			isa = PBXGroup;
			children = (
				E438D942273456AF00D86ADD /* BackgroundGradient.swift */,
				E47FEB3E2734746C00682642 /* CustomLabel.swift */,
				E44FE87D27353DBC0043A0C8 /* CustomButton.swift */,
				E44FE88727354CA90043A0C8 /* CustomHeader.swift */,
			);
			path = Components;
			sourceTree = "<group>";
		};
		E47FEB43273478E400682642 /* fonts */ = {
			isa = PBXGroup;
			children = (
				E47FEB4427347A1400682642 /* Raleway-Regular.ttf */,
			);
			path = fonts;
			sourceTree = "<group>";
		};
		E4C862C2273449A000DD247C = {
			isa = PBXGroup;
			children = (
				E4C862CD273449A000DD247C /* GetItDone */,
				E4C862E7273449A200DD247C /* GetItDoneTests */,
				E4C862F2273449A200DD247C /* GetItDoneUITests */,
				E4C862CC273449A000DD247C /* Products */,
			);
			sourceTree = "<group>";
		};
		E4C862CC273449A000DD247C /* Products */ = {
			isa = PBXGroup;
			children = (
				E4C862CB273449A000DD247C /* GetItDone.app */,
				E4C862E4273449A200DD247C /* GetItDoneTests.xctest */,
				E4C862EF273449A200DD247C /* GetItDoneUITests.xctest */,
			);
			name = Products;
			sourceTree = "<group>";
		};
		E4C862CD273449A000DD247C /* GetItDone */ = {
			isa = PBXGroup;
			children = (
				E4C862CE273449A000DD247C /* AppDelegate.swift */,
				E4C862D0273449A000DD247C /* SceneDelegate.swift */,
				E438D93D273451C700D86ADD /* CodeView.swift */,
				E47FEB43273478E400682642 /* fonts */,
				E4E9C9AB27345BE400D48C62 /* extentions */,
				E4C8630C27344AEA00DD247C /* Controller */,
				E4C8630B27344AE300DD247C /* View */,
				E4C8630A27344AD500DD247C /* Model */,
				E4C862DA273449A100DD247C /* Assets.xcassets */,
				E4C862DC273449A100DD247C /* LaunchScreen.storyboard */,
				E4C862DF273449A100DD247C /* Info.plist */,
				E4C862D7273449A000DD247C /* GetItDone.xcdatamodeld */,
			);
			path = GetItDone;
			sourceTree = "<group>";
		};
		E4C862E7273449A200DD247C /* GetItDoneTests */ = {
			isa = PBXGroup;
			children = (
				E4C862E8273449A200DD247C /* GetItDoneTests.swift */,
				E4C862EA273449A200DD247C /* Info.plist */,
			);
			path = GetItDoneTests;
			sourceTree = "<group>";
		};
		E4C862F2273449A200DD247C /* GetItDoneUITests */ = {
			isa = PBXGroup;
			children = (
				E4C862F3273449A200DD247C /* GetItDoneUITests.swift */,
				E4C862F5273449A200DD247C /* Info.plist */,
			);
			path = GetItDoneUITests;
			sourceTree = "<group>";
		};
		E4C8630A27344AD500DD247C /* Model */ = {
			isa = PBXGroup;
			children = (
			);
			path = Model;
			sourceTree = "<group>";
		};
		E4C8630B27344AE300DD247C /* View */ = {
			isa = PBXGroup;
			children = (
				E43EEE8927359C0600D8264C /* ListScreen.swift */,
				E43EEE812735911A00D8264C /* WelcomeScreen.swift */,
				E47FEB3D2734743100682642 /* Components */,
			);
			path = View;
			sourceTree = "<group>";
		};
		E4C8630C27344AEA00DD247C /* Controller */ = {
			isa = PBXGroup;
			children = (
				E44FE88227354A3A0043A0C8 /* ListController.swift */,
				E4C862D2273449A000DD247C /* WelcomeController.swift */,
			);
			path = Controller;
			sourceTree = "<group>";
		};
		E4E9C9AB27345BE400D48C62 /* extentions */ = {
			isa = PBXGroup;
			children = (
				E4E9C9AC27345C0800D48C62 /* UiColorExtention.swift */,
				E43EEE7C27358DD000D8264C /* OptionSet.swift */,
			);
			path = extentions;
			sourceTree = "<group>";
		};
/* End PBXGroup section */

/* Begin PBXNativeTarget section */
		E4C862CA273449A000DD247C /* GetItDone */ = {
			isa = PBXNativeTarget;
			buildConfigurationList = E4C862F8273449A200DD247C /* Build configuration list for PBXNativeTarget "GetItDone" */;
			buildPhases = (
				E4C862C7273449A000DD247C /* Sources */,
				E4C862C8273449A000DD247C /* Frameworks */,
				E4C862C9273449A000DD247C /* Resources */,
			);
			buildRules = (
			);
			dependencies = (
			);
			name = GetItDone;
			productName = GetItDone;
			productReference = E4C862CB273449A000DD247C /* GetItDone.app */;
			productType = "com.apple.product-type.application";
		};
		E4C862E3273449A200DD247C /* GetItDoneTests */ = {
			isa = PBXNativeTarget;
			buildConfigurationList = E4C862FB273449A200DD247C /* Build configuration list for PBXNativeTarget "GetItDoneTests" */;
			buildPhases = (
				E4C862E0273449A200DD247C /* Sources */,
				E4C862E1273449A200DD247C /* Frameworks */,
				E4C862E2273449A200DD247C /* Resources */,
			);
			buildRules = (
			);
			dependencies = (
				E4C862E6273449A200DD247C /* PBXTargetDependency */,
			);
			name = GetItDoneTests;
			productName = GetItDoneTests;
			productReference = E4C862E4273449A200DD247C /* GetItDoneTests.xctest */;
			productType = "com.apple.product-type.bundle.unit-test";
		};
		E4C862EE273449A200DD247C /* GetItDoneUITests */ = {
			isa = PBXNativeTarget;
			buildConfigurationList = E4C862FE273449A200DD247C /* Build configuration list for PBXNativeTarget "GetItDoneUITests" */;
			buildPhases = (
				E4C862EB273449A200DD247C /* Sources */,
				E4C862EC273449A200DD247C /* Frameworks */,
				E4C862ED273449A200DD247C /* Resources */,
			);
			buildRules = (
			);
			dependencies = (
				E4C862F1273449A200DD247C /* PBXTargetDependency */,
			);
			name = GetItDoneUITests;
			productName = GetItDoneUITests;
			productReference = E4C862EF273449A200DD247C /* GetItDoneUITests.xctest */;
			productType = "com.apple.product-type.bundle.ui-testing";
		};
/* End PBXNativeTarget section */

/* Begin PBXProject section */
		E4C862C3273449A000DD247C /* Project object */ = {
			isa = PBXProject;
			attributes = {
				LastSwiftUpdateCheck = 1240;
				LastUpgradeCheck = 1240;
				TargetAttributes = {
					E4C862CA273449A000DD247C = {
						CreatedOnToolsVersion = 12.4;
					};
					E4C862E3273449A200DD247C = {
						CreatedOnToolsVersion = 12.4;
						TestTargetID = E4C862CA273449A000DD247C;
					};
					E4C862EE273449A200DD247C = {
						CreatedOnToolsVersion = 12.4;
						TestTargetID = E4C862CA273449A000DD247C;
					};
				};
			};
			buildConfigurationList = E4C862C6273449A000DD247C /* Build configuration list for PBXProject "GetItDone" */;
			compatibilityVersion = "Xcode 9.3";
			developmentRegion = en;
			hasScannedForEncodings = 0;
			knownRegions = (
				en,
				Base,
			);
			mainGroup = E4C862C2273449A000DD247C;
			productRefGroup = E4C862CC273449A000DD247C /* Products */;
			projectDirPath = "";
			projectRoot = "";
			targets = (
				E4C862CA273449A000DD247C /* GetItDone */,
				E4C862E3273449A200DD247C /* GetItDoneTests */,
				E4C862EE273449A200DD247C /* GetItDoneUITests */,
			);
		};
/* End PBXProject section */

/* Begin PBXResourcesBuildPhase section */
		E4C862C9273449A000DD247C /* Resources */ = {
			isa = PBXResourcesBuildPhase;
			buildActionMask = 2147483647;
			files = (
				E4C862DE273449A100DD247C /* LaunchScreen.storyboard in Resources */,
				E47FEB4527347A1400682642 /* Raleway-Regular.ttf in Resources */,
				E4C862DB273449A100DD247C /* Assets.xcassets in Resources */,
			);
			runOnlyForDeploymentPostprocessing = 0;
		};
		E4C862E2273449A200DD247C /* Resources */ = {
			isa = PBXResourcesBuildPhase;
			buildActionMask = 2147483647;
			files = (
			);
			runOnlyForDeploymentPostprocessing = 0;
		};
		E4C862ED273449A200DD247C /* Resources */ = {
			isa = PBXResourcesBuildPhase;
			buildActionMask = 2147483647;
			files = (
			);
			runOnlyForDeploymentPostprocessing = 0;
		};
/* End PBXResourcesBuildPhase section */

/* Begin PBXSourcesBuildPhase section */
		E4C862C7273449A000DD247C /* Sources */ = {
			isa = PBXSourcesBuildPhase;
			buildActionMask = 2147483647;
			files = (
				E44FE88827354CA90043A0C8 /* CustomHeader.swift in Sources */,
				E43EEE8A27359C0600D8264C /* ListScreen.swift in Sources */,
				E4C862D3273449A000DD247C /* WelcomeController.swift in Sources */,
				E44FE88327354A3A0043A0C8 /* ListController.swift in Sources */,
				E4E9C9AD27345C0800D48C62 /* UiColorExtention.swift in Sources */,
				E44FE87E27353DBC0043A0C8 /* CustomButton.swift in Sources */,
				E43EEE822735911A00D8264C /* WelcomeScreen.swift in Sources */,
				E4C862D9273449A000DD247C /* GetItDone.xcdatamodeld in Sources */,
				E4C862CF273449A000DD247C /* AppDelegate.swift in Sources */,
				E438D93E273451C700D86ADD /* CodeView.swift in Sources */,
				E4C862D1273449A000DD247C /* SceneDelegate.swift in Sources */,
				E438D943273456AF00D86ADD /* BackgroundGradient.swift in Sources */,
				E47FEB3F2734746C00682642 /* CustomLabel.swift in Sources */,
				E43EEE7D27358DD000D8264C /* OptionSet.swift in Sources */,
			);
			runOnlyForDeploymentPostprocessing = 0;
		};
		E4C862E0273449A200DD247C /* Sources */ = {
			isa = PBXSourcesBuildPhase;
			buildActionMask = 2147483647;
			files = (
				E4C862E9273449A200DD247C /* GetItDoneTests.swift in Sources */,
			);
			runOnlyForDeploymentPostprocessing = 0;
		};
		E4C862EB273449A200DD247C /* Sources */ = {
			isa = PBXSourcesBuildPhase;
			buildActionMask = 2147483647;
			files = (
				E4C862F4273449A200DD247C /* GetItDoneUITests.swift in Sources */,
			);
			runOnlyForDeploymentPostprocessing = 0;
		};
/* End PBXSourcesBuildPhase section */

/* Begin PBXTargetDependency section */
		E4C862E6273449A200DD247C /* PBXTargetDependency */ = {
			isa = PBXTargetDependency;
			target = E4C862CA273449A000DD247C /* GetItDone */;
			targetProxy = E4C862E5273449A200DD247C /* PBXContainerItemProxy */;
		};
		E4C862F1273449A200DD247C /* PBXTargetDependency */ = {
			isa = PBXTargetDependency;
			target = E4C862CA273449A000DD247C /* GetItDone */;
			targetProxy = E4C862F0273449A200DD247C /* PBXContainerItemProxy */;
		};
/* End PBXTargetDependency section */

/* Begin PBXVariantGroup section */
		E4C862DC273449A100DD247C /* LaunchScreen.storyboard */ = {
			isa = PBXVariantGroup;
			children = (
				E4C862DD273449A100DD247C /* Base */,
			);
			name = LaunchScreen.storyboard;
			sourceTree = "<group>";
		};
/* End PBXVariantGroup section */

/* Begin XCBuildConfiguration section */
		E4C862F6273449A200DD247C /* Debug */ = {
			isa = XCBuildConfiguration;
			buildSettings = {
				ALWAYS_SEARCH_USER_PATHS = NO;
				CLANG_ANALYZER_NONNULL = YES;
				CLANG_ANALYZER_NUMBER_OBJECT_CONVERSION = YES_AGGRESSIVE;
				CLANG_CXX_LANGUAGE_STANDARD = "gnu++14";
				CLANG_CXX_LIBRARY = "libc++";
				CLANG_ENABLE_MODULES = YES;
				CLANG_ENABLE_OBJC_ARC = YES;
				CLANG_ENABLE_OBJC_WEAK = YES;
				CLANG_WARN_BLOCK_CAPTURE_AUTORELEASING = YES;
				CLANG_WARN_BOOL_CONVERSION = YES;
				CLANG_WARN_COMMA = YES;
				CLANG_WARN_CONSTANT_CONVERSION = YES;
				CLANG_WARN_DEPRECATED_OBJC_IMPLEMENTATIONS = YES;
				CLANG_WARN_DIRECT_OBJC_ISA_USAGE = YES_ERROR;
				CLANG_WARN_DOCUMENTATION_COMMENTS = YES;
				CLANG_WARN_EMPTY_BODY = YES;
				CLANG_WARN_ENUM_CONVERSION = YES;
				CLANG_WARN_INFINITE_RECURSION = YES;
				CLANG_WARN_INT_CONVERSION = YES;
				CLANG_WARN_NON_LITERAL_NULL_CONVERSION = YES;
				CLANG_WARN_OBJC_IMPLICIT_RETAIN_SELF = YES;
				CLANG_WARN_OBJC_LITERAL_CONVERSION = YES;
				CLANG_WARN_OBJC_ROOT_CLASS = YES_ERROR;
				CLANG_WARN_QUOTED_INCLUDE_IN_FRAMEWORK_HEADER = YES;
				CLANG_WARN_RANGE_LOOP_ANALYSIS = YES;
				CLANG_WARN_STRICT_PROTOTYPES = YES;
				CLANG_WARN_SUSPICIOUS_MOVE = YES;
				CLANG_WARN_UNGUARDED_AVAILABILITY = YES_AGGRESSIVE;
				CLANG_WARN_UNREACHABLE_CODE = YES;
				CLANG_WARN__DUPLICATE_METHOD_MATCH = YES;
				COPY_PHASE_STRIP = NO;
				DEBUG_INFORMATION_FORMAT = dwarf;
				ENABLE_STRICT_OBJC_MSGSEND = YES;
				ENABLE_TESTABILITY = YES;
				GCC_C_LANGUAGE_STANDARD = gnu11;
				GCC_DYNAMIC_NO_PIC = NO;
				GCC_NO_COMMON_BLOCKS = YES;
				GCC_OPTIMIZATION_LEVEL = 0;
				GCC_PREPROCESSOR_DEFINITIONS = (
					"DEBUG=1",
					"$(inherited)",
				);
				GCC_WARN_64_TO_32_BIT_CONVERSION = YES;
				GCC_WARN_ABOUT_RETURN_TYPE = YES_ERROR;
				GCC_WARN_UNDECLARED_SELECTOR = YES;
				GCC_WARN_UNINITIALIZED_AUTOS = YES_AGGRESSIVE;
				GCC_WARN_UNUSED_FUNCTION = YES;
				GCC_WARN_UNUSED_VARIABLE = YES;
				IPHONEOS_DEPLOYMENT_TARGET = 14.4;
				MTL_ENABLE_DEBUG_INFO = INCLUDE_SOURCE;
				MTL_FAST_MATH = YES;
				ONLY_ACTIVE_ARCH = YES;
				SDKROOT = iphoneos;
				SWIFT_ACTIVE_COMPILATION_CONDITIONS = DEBUG;
				SWIFT_OPTIMIZATION_LEVEL = "-Onone";
			};
			name = Debug;
		};
		E4C862F7273449A200DD247C /* Release */ = {
			isa = XCBuildConfiguration;
			buildSettings = {
				ALWAYS_SEARCH_USER_PATHS = NO;
				CLANG_ANALYZER_NONNULL = YES;
				CLANG_ANALYZER_NUMBER_OBJECT_CONVERSION = YES_AGGRESSIVE;
				CLANG_CXX_LANGUAGE_STANDARD = "gnu++14";
				CLANG_CXX_LIBRARY = "libc++";
				CLANG_ENABLE_MODULES = YES;
				CLANG_ENABLE_OBJC_ARC = YES;
				CLANG_ENABLE_OBJC_WEAK = YES;
				CLANG_WARN_BLOCK_CAPTURE_AUTORELEASING = YES;
				CLANG_WARN_BOOL_CONVERSION = YES;
				CLANG_WARN_COMMA = YES;
				CLANG_WARN_CONSTANT_CONVERSION = YES;
				CLANG_WARN_DEPRECATED_OBJC_IMPLEMENTATIONS = YES;
				CLANG_WARN_DIRECT_OBJC_ISA_USAGE = YES_ERROR;
				CLANG_WARN_DOCUMENTATION_COMMENTS = YES;
				CLANG_WARN_EMPTY_BODY = YES;
				CLANG_WARN_ENUM_CONVERSION = YES;
				CLANG_WARN_INFINITE_RECURSION = YES;
				CLANG_WARN_INT_CONVERSION = YES;
				CLANG_WARN_NON_LITERAL_NULL_CONVERSION = YES;
				CLANG_WARN_OBJC_IMPLICIT_RETAIN_SELF = YES;
				CLANG_WARN_OBJC_LITERAL_CONVERSION = YES;
				CLANG_WARN_OBJC_ROOT_CLASS = YES_ERROR;
				CLANG_WARN_QUOTED_INCLUDE_IN_FRAMEWORK_HEADER = YES;
				CLANG_WARN_RANGE_LOOP_ANALYSIS = YES;
				CLANG_WARN_STRICT_PROTOTYPES = YES;
				CLANG_WARN_SUSPICIOUS_MOVE = YES;
				CLANG_WARN_UNGUARDED_AVAILABILITY = YES_AGGRESSIVE;
				CLANG_WARN_UNREACHABLE_CODE = YES;
				CLANG_WARN__DUPLICATE_METHOD_MATCH = YES;
				COPY_PHASE_STRIP = NO;
				DEBUG_INFORMATION_FORMAT = "dwarf-with-dsym";
				ENABLE_NS_ASSERTIONS = NO;
				ENABLE_STRICT_OBJC_MSGSEND = YES;
				GCC_C_LANGUAGE_STANDARD = gnu11;
				GCC_NO_COMMON_BLOCKS = YES;
				GCC_WARN_64_TO_32_BIT_CONVERSION = YES;
				GCC_WARN_ABOUT_RETURN_TYPE = YES_ERROR;
				GCC_WARN_UNDECLARED_SELECTOR = YES;
				GCC_WARN_UNINITIALIZED_AUTOS = YES_AGGRESSIVE;
				GCC_WARN_UNUSED_FUNCTION = YES;
				GCC_WARN_UNUSED_VARIABLE = YES;
				IPHONEOS_DEPLOYMENT_TARGET = 14.4;
				MTL_ENABLE_DEBUG_INFO = NO;
				MTL_FAST_MATH = YES;
				SDKROOT = iphoneos;
				SWIFT_COMPILATION_MODE = wholemodule;
				SWIFT_OPTIMIZATION_LEVEL = "-O";
				VALIDATE_PRODUCT = YES;
			};
			name = Release;
		};
		E4C862F9273449A200DD247C /* Debug */ = {
			isa = XCBuildConfiguration;
			buildSettings = {
				ASSETCATALOG_COMPILER_APPICON_NAME = AppIcon;
				ASSETCATALOG_COMPILER_GLOBAL_ACCENT_COLOR_NAME = AccentColor;
				CODE_SIGN_STYLE = Automatic;
				INFOPLIST_FILE = GetItDone/Info.plist;
				LD_RUNPATH_SEARCH_PATHS = (
					"$(inherited)",
					"@executable_path/Frameworks",
				);
				PRODUCT_BUNDLE_IDENTIFIER = com.khalilpan.GetItDone;
				PRODUCT_NAME = "$(TARGET_NAME)";
				SWIFT_VERSION = 5.0;
				TARGETED_DEVICE_FAMILY = "1,2";
			};
			name = Debug;
		};
		E4C862FA273449A200DD247C /* Release */ = {
			isa = XCBuildConfiguration;
			buildSettings = {
				ASSETCATALOG_COMPILER_APPICON_NAME = AppIcon;
				ASSETCATALOG_COMPILER_GLOBAL_ACCENT_COLOR_NAME = AccentColor;
				CODE_SIGN_STYLE = Automatic;
				INFOPLIST_FILE = GetItDone/Info.plist;
				LD_RUNPATH_SEARCH_PATHS = (
					"$(inherited)",
					"@executable_path/Frameworks",
				);
				PRODUCT_BUNDLE_IDENTIFIER = com.khalilpan.GetItDone;
				PRODUCT_NAME = "$(TARGET_NAME)";
				SWIFT_VERSION = 5.0;
				TARGETED_DEVICE_FAMILY = "1,2";
			};
			name = Release;
		};
		E4C862FC273449A200DD247C /* Debug */ = {
			isa = XCBuildConfiguration;
			buildSettings = {
				ALWAYS_EMBED_SWIFT_STANDARD_LIBRARIES = YES;
				BUNDLE_LOADER = "$(TEST_HOST)";
				CODE_SIGN_STYLE = Automatic;
				INFOPLIST_FILE = GetItDoneTests/Info.plist;
				IPHONEOS_DEPLOYMENT_TARGET = 14.4;
				LD_RUNPATH_SEARCH_PATHS = (
					"$(inherited)",
					"@executable_path/Frameworks",
					"@loader_path/Frameworks",
				);
				PRODUCT_BUNDLE_IDENTIFIER = com.khalilpan.GetItDoneTests;
				PRODUCT_NAME = "$(TARGET_NAME)";
				SWIFT_VERSION = 5.0;
				TARGETED_DEVICE_FAMILY = "1,2";
				TEST_HOST = "$(BUILT_PRODUCTS_DIR)/GetItDone.app/GetItDone";
			};
			name = Debug;
		};
		E4C862FD273449A200DD247C /* Release */ = {
			isa = XCBuildConfiguration;
			buildSettings = {
				ALWAYS_EMBED_SWIFT_STANDARD_LIBRARIES = YES;
				BUNDLE_LOADER = "$(TEST_HOST)";
				CODE_SIGN_STYLE = Automatic;
				INFOPLIST_FILE = GetItDoneTests/Info.plist;
				IPHONEOS_DEPLOYMENT_TARGET = 14.4;
				LD_RUNPATH_SEARCH_PATHS = (
					"$(inherited)",
					"@executable_path/Frameworks",
					"@loader_path/Frameworks",
				);
				PRODUCT_BUNDLE_IDENTIFIER = com.khalilpan.GetItDoneTests;
				PRODUCT_NAME = "$(TARGET_NAME)";
				SWIFT_VERSION = 5.0;
				TARGETED_DEVICE_FAMILY = "1,2";
				TEST_HOST = "$(BUILT_PRODUCTS_DIR)/GetItDone.app/GetItDone";
			};
			name = Release;
		};
		E4C862FF273449A200DD247C /* Debug */ = {
			isa = XCBuildConfiguration;
			buildSettings = {
				ALWAYS_EMBED_SWIFT_STANDARD_LIBRARIES = YES;
				CODE_SIGN_STYLE = Automatic;
				INFOPLIST_FILE = GetItDoneUITests/Info.plist;
				LD_RUNPATH_SEARCH_PATHS = (
					"$(inherited)",
					"@executable_path/Frameworks",
					"@loader_path/Frameworks",
				);
				PRODUCT_BUNDLE_IDENTIFIER = com.khalilpan.GetItDoneUITests;
				PRODUCT_NAME = "$(TARGET_NAME)";
				SWIFT_VERSION = 5.0;
				TARGETED_DEVICE_FAMILY = "1,2";
				TEST_TARGET_NAME = GetItDone;
			};
			name = Debug;
		};
		E4C86300273449A200DD247C /* Release */ = {
			isa = XCBuildConfiguration;
			buildSettings = {
				ALWAYS_EMBED_SWIFT_STANDARD_LIBRARIES = YES;
				CODE_SIGN_STYLE = Automatic;
				INFOPLIST_FILE = GetItDoneUITests/Info.plist;
				LD_RUNPATH_SEARCH_PATHS = (
					"$(inherited)",
					"@executable_path/Frameworks",
					"@loader_path/Frameworks",
				);
				PRODUCT_BUNDLE_IDENTIFIER = com.khalilpan.GetItDoneUITests;
				PRODUCT_NAME = "$(TARGET_NAME)";
				SWIFT_VERSION = 5.0;
				TARGETED_DEVICE_FAMILY = "1,2";
				TEST_TARGET_NAME = GetItDone;
			};
			name = Release;
		};
/* End XCBuildConfiguration section */

/* Begin XCConfigurationList section */
		E4C862C6273449A000DD247C /* Build configuration list for PBXProject "GetItDone" */ = {
			isa = XCConfigurationList;
			buildConfigurations = (
				E4C862F6273449A200DD247C /* Debug */,
				E4C862F7273449A200DD247C /* Release */,
			);
			defaultConfigurationIsVisible = 0;
			defaultConfigurationName = Release;
		};
		E4C862F8273449A200DD247C /* Build configuration list for PBXNativeTarget "GetItDone" */ = {
			isa = XCConfigurationList;
			buildConfigurations = (
				E4C862F9273449A200DD247C /* Debug */,
				E4C862FA273449A200DD247C /* Release */,
			);
			defaultConfigurationIsVisible = 0;
			defaultConfigurationName = Release;
		};
		E4C862FB273449A200DD247C /* Build configuration list for PBXNativeTarget "GetItDoneTests" */ = {
			isa = XCConfigurationList;
			buildConfigurations = (
				E4C862FC273449A200DD247C /* Debug */,
				E4C862FD273449A200DD247C /* Release */,
			);
			defaultConfigurationIsVisible = 0;
			defaultConfigurationName = Release;
		};
		E4C862FE273449A200DD247C /* Build configuration list for PBXNativeTarget "GetItDoneUITests" */ = {
			isa = XCConfigurationList;
			buildConfigurations = (
				E4C862FF273449A200DD247C /* Debug */,
				E4C86300273449A200DD247C /* Release */,
			);
			defaultConfigurationIsVisible = 0;
			defaultConfigurationName = Release;
		};
/* End XCConfigurationList section */

/* Begin XCVersionGroup section */
		E4C862D7273449A000DD247C /* GetItDone.xcdatamodeld */ = {
			isa = XCVersionGroup;
			children = (
				E4C862D8273449A000DD247C /* GetItDone.xcdatamodel */,
			);
			currentVersion = E4C862D8273449A000DD247C /* GetItDone.xcdatamodel */;
			path = GetItDone.xcdatamodeld;
			sourceTree = "<group>";
			versionGroupType = wrapper.xcdatamodel;
		};
/* End XCVersionGroup section */
	};
	rootObject = E4C862C3273449A000DD247C /* Project object */;
}
